
Microsoft Visual Studio Solution File, Format Version 12.00
# Visual Studio Version 16
VisualStudioVersion = 16.0.29806.167
MinimumVisualStudioVersion = 10.0.40219.1
Project("{FAE04EC0-301F-11D3-BF4B-00C04F79EFBC}") = "BLL", "BLL\BLL.csproj", "{C3720199-9553-4EB4-A4EA-6120276DCC0D}"
EndProject
Project("{FAE04EC0-301F-11D3-BF4B-00C04F79EFBC}") = "Entity", "DAL\Entity.csproj", "{80C5E27A-1F37-48C9-8FBD-021B1812252F}"
EndProject
Project("{FAE04EC0-301F-11D3-BF4B-00C04F79EFBC}") = "DAL", "Entity\DAL.csproj", "{229585FF-DEEB-42DF-B46E-720F982A4B80}"
EndProject
Project("{FAE04EC0-301F-11D3-BF4B-00C04F79EFBC}") = "NomiGUI", "NOMIGUI\NomiGUI.csproj", "{91C9C830-E226-4D62-BF25-817C57DBA46F}"
EndProject
Project("{FAE04EC0-301F-11D3-BF4B-00C04F79EFBC}") = "Infraestructura", "Infraestructura\Infraestructura.csproj", "{EA376255-1107-45BC-84DD-BAFA964E0B68}"
EndProject
Global
	GlobalSection(SolutionConfigurationPlatforms) = preSolution
		Debug|Any CPU = Debug|Any CPU
		Release|Any CPU = Release|Any CPU
	EndGlobalSection
	GlobalSection(ProjectConfigurationPlatforms) = postSolution
		{C3720199-9553-4EB4-A4EA-6120276DCC0D}.Debug|Any CPU.ActiveCfg = Debug|Any CPU
		{C3720199-9553-4EB4-A4EA-6120276DCC0D}.Debug|Any CPU.Build.0 = Debug|Any CPU
		{C3720199-9553-4EB4-A4EA-6120276DCC0D}.Release|Any CPU.ActiveCfg = Release|Any CPU
		{C3720199-9553-4EB4-A4EA-6120276DCC0D}.Release|Any CPU.Build.0 = Release|Any CPU
		{80C5E27A-1F37-48C9-8FBD-021B1812252F}.Debug|Any CPU.ActiveCfg = Debug|Any CPU
		{80C5E27A-1F37-48C9-8FBD-021B1812252F}.Debug|Any CPU.Build.0 = Debug|Any CPU
		{80C5E27A-1F37-48C9-8FBD-021B1812252F}.Release|Any CPU.ActiveCfg = Release|Any CPU
		{80C5E27A-1F37-48C9-8FBD-021B1812252F}.Release|Any CPU.Build.0 = Release|Any CPU
		{229585FF-DEEB-42DF-B46E-720F982A4B80}.Debug|Any CPU.ActiveCfg = Debug|Any CPU
		{229585FF-DEEB-42DF-B46E-720F982A4B80}.Debug|Any CPU.Build.0 = Debug|Any CPU
		{229585FF-DEEB-42DF-B46E-720F982A4B80}.Release|Any CPU.ActiveCfg = Release|Any CPU
		{229585FF-DEEB-42DF-B46E-720F982A4B80}.Release|Any CPU.Build.0 = Release|Any CPU
		{91C9C830-E226-4D62-BF25-817C57DBA46F}.Debug|Any CPU.ActiveCfg = Debug|Any CPU
		{91C9C830-E226-4D62-BF25-817C57DBA46F}.Debug|Any CPU.Build.0 = Debug|Any CPU
		{91C9C830-E226-4D62-BF25-817C57DBA46F}.Release|Any CPU.ActiveCfg = Release|Any CPU
		{91C9C830-E226-4D62-BF25-817C57DBA46F}.Release|Any CPU.Build.0 = Release|Any CPU
		{EA376255-1107-45BC-84DD-BAFA964E0B68}.Debug|Any CPU.ActiveCfg = Debug|Any CPU
		{EA376255-1107-45BC-84DD-BAFA964E0B68}.Debug|Any CPU.Build.0 = Debug|Any CPU
		{EA376255-1107-45BC-84DD-BAFA964E0B68}.Release|Any CPU.ActiveCfg = Release|Any CPU
		{EA376255-1107-45BC-84DD-BAFA964E0B68}.Release|Any CPU.Build.0 = Release|Any CPU
	EndGlobalSection
	GlobalSection(SolutionProperties) = preSolution
		HideSolutionNode = FALSE
	EndGlobalSection
	GlobalSection(ExtensibilityGlobals) = postSolution
		SolutionGuid = {4ABCB94D-58C8-41B4-AE6C-1B303F1830FF}
	EndGlobalSection
EndGlobal
